
Microsoft Visual Studio Solution File, Format Version 12.00
# Visual Studio 15
VisualStudioVersion = 15.0.28307.136
MinimumVisualStudioVersion = 10.0.40219.1
Project("{8BC9CEB8-8B4A-11D0-8D11-00A0C91BC942}") = "freertos_cubemx", "freertos_cubemx.vcxproj", "{3519B0DC-713A-4C5A-8D05-BF8F468A98C5}"
EndProject
Project("{2150E333-8FDC-42A3-9474-1A3956D46DE8}") = "Solution Items", "Solution Items", "{673623C9-7F44-4F8F-9132-AF6C36D56ECF}"
	ProjectSection(SolutionItems) = preProject
		Performance1.psess = Performance1.psess
	EndProjectSection
EndProject
Global
	GlobalSection(Performance) = preSolution
		HasPerformanceSessions = true
	EndGlobalSection
	GlobalSection(SolutionConfigurationPlatforms) = preSolution
		Debug|VisualGDB = Debug|VisualGDB
		Debug|x64 = Debug|x64
		Debug|x86 = Debug|x86
		EmuDebug|VisualGDB = EmuDebug|VisualGDB
		EmuDebug|x64 = EmuDebug|x64
		EmuDebug|x86 = EmuDebug|x86
		EmuRelease|VisualGDB = EmuRelease|VisualGDB
		EmuRelease|x64 = EmuRelease|x64
		EmuRelease|x86 = EmuRelease|x86
		Release|VisualGDB = Release|VisualGDB
		Release|x64 = Release|x64
		Release|x86 = Release|x86
	EndGlobalSection
	GlobalSection(ProjectConfigurationPlatforms) = postSolution
		{3519B0DC-713A-4C5A-8D05-BF8F468A98C5}.Debug|VisualGDB.ActiveCfg = Debug|VisualGDB
		{3519B0DC-713A-4C5A-8D05-BF8F468A98C5}.Debug|VisualGDB.Build.0 = Debug|VisualGDB
		{3519B0DC-713A-4C5A-8D05-BF8F468A98C5}.Debug|x64.ActiveCfg = Debug|VisualGDB
		{3519B0DC-713A-4C5A-8D05-BF8F468A98C5}.Debug|x86.ActiveCfg = Debug|VisualGDB
		{3519B0DC-713A-4C5A-8D05-BF8F468A98C5}.EmuDebug|VisualGDB.ActiveCfg = Debug|VisualGDB
		{3519B0DC-713A-4C5A-8D05-BF8F468A98C5}.EmuDebug|VisualGDB.Build.0 = Debug|VisualGDB
		{3519B0DC-713A-4C5A-8D05-BF8F468A98C5}.EmuDebug|x64.ActiveCfg = Release|VisualGDB
		{3519B0DC-713A-4C5A-8D05-BF8F468A98C5}.EmuDebug|x64.Build.0 = Release|VisualGDB
		{3519B0DC-713A-4C5A-8D05-BF8F468A98C5}.EmuDebug|x86.ActiveCfg = Release|VisualGDB
		{3519B0DC-713A-4C5A-8D05-BF8F468A98C5}.EmuDebug|x86.Build.0 = Release|VisualGDB
		{3519B0DC-713A-4C5A-8D05-BF8F468A98C5}.EmuRelease|VisualGDB.ActiveCfg = Release|VisualGDB
		{3519B0DC-713A-4C5A-8D05-BF8F468A98C5}.EmuRelease|VisualGDB.Build.0 = Release|VisualGDB
		{3519B0DC-713A-4C5A-8D05-BF8F468A98C5}.EmuRelease|x64.ActiveCfg = Release|VisualGDB
		{3519B0DC-713A-4C5A-8D05-BF8F468A98C5}.EmuRelease|x64.Build.0 = Release|VisualGDB
		{3519B0DC-713A-4C5A-8D05-BF8F468A98C5}.EmuRelease|x86.ActiveCfg = Release|VisualGDB
		{3519B0DC-713A-4C5A-8D05-BF8F468A98C5}.EmuRelease|x86.Build.0 = Release|VisualGDB
		{3519B0DC-713A-4C5A-8D05-BF8F468A98C5}.Release|VisualGDB.ActiveCfg = Release|VisualGDB
		{3519B0DC-713A-4C5A-8D05-BF8F468A98C5}.Release|VisualGDB.Build.0 = Release|VisualGDB
		{3519B0DC-713A-4C5A-8D05-BF8F468A98C5}.Release|x64.ActiveCfg = Release|VisualGDB
		{3519B0DC-713A-4C5A-8D05-BF8F468A98C5}.Release|x86.ActiveCfg = Release|VisualGDB
	EndGlobalSection
	GlobalSection(SolutionProperties) = preSolution
		HideSolutionNode = FALSE
	EndGlobalSection
	GlobalSection(ExtensibilityGlobals) = postSolution
		SolutionGuid = {88D29726-17D4-4995-ABF8-5DB54050F4EB}
	EndGlobalSection
EndGlobal
